
Microsoft Visual Studio Solution File, Format Version 12.00
# Visual Studio Version 16
VisualStudioVersion = 16.0.29709.97
MinimumVisualStudioVersion = 10.0.40219.1
Project("{FAE04EC0-301F-11D3-BF4B-00C04F79EFBC}") = "MVVMCommandTestingApp.Android", "MVVMCommandTestingApp\MVVMCommandTestingApp.Android\MVVMCommandTestingApp.Android.csproj", "{7ACF8082-7E01-454A-926A-2A6889BB4C50}"
EndProject
Project("{FAE04EC0-301F-11D3-BF4B-00C04F79EFBC}") = "MVVMCommandTestingApp.iOS", "MVVMCommandTestingApp\MVVMCommandTestingApp.iOS\MVVMCommandTestingApp.iOS.csproj", "{DBCD312C-951C-4AA3-93E8-D9B44FFADA45}"
EndProject
Project("{FAE04EC0-301F-11D3-BF4B-00C04F79EFBC}") = "MVVMCommandTestingApp", "MVVMCommandTestingApp\MVVMCommandTestingApp\MVVMCommandTestingApp.csproj", "{F4D41D6F-3839-4E89-9CC2-042F8C386009}"
EndProject
Global
	GlobalSection(SolutionConfigurationPlatforms) = preSolution
		Debug|Any CPU = Debug|Any CPU
		Debug|iPhone = Debug|iPhone
		Debug|iPhoneSimulator = Debug|iPhoneSimulator
		Release|Any CPU = Release|Any CPU
		Release|iPhone = Release|iPhone
		Release|iPhoneSimulator = Release|iPhoneSimulator
	EndGlobalSection
	GlobalSection(ProjectConfigurationPlatforms) = postSolution
		{7ACF8082-7E01-454A-926A-2A6889BB4C50}.Debug|Any CPU.ActiveCfg = Debug|Any CPU
		{7ACF8082-7E01-454A-926A-2A6889BB4C50}.Debug|Any CPU.Build.0 = Debug|Any CPU
		{7ACF8082-7E01-454A-926A-2A6889BB4C50}.Debug|Any CPU.Deploy.0 = Debug|Any CPU
		{7ACF8082-7E01-454A-926A-2A6889BB4C50}.Debug|iPhone.ActiveCfg = Debug|Any CPU
		{7ACF8082-7E01-454A-926A-2A6889BB4C50}.Debug|iPhone.Build.0 = Debug|Any CPU
		{7ACF8082-7E01-454A-926A-2A6889BB4C50}.Debug|iPhone.Deploy.0 = Debug|Any CPU
		{7ACF8082-7E01-454A-926A-2A6889BB4C50}.Debug|iPhoneSimulator.ActiveCfg = Debug|Any CPU
		{7ACF8082-7E01-454A-926A-2A6889BB4C50}.Debug|iPhoneSimulator.Build.0 = Debug|Any CPU
		{7ACF8082-7E01-454A-926A-2A6889BB4C50}.Debug|iPhoneSimulator.Deploy.0 = Debug|Any CPU
		{7ACF8082-7E01-454A-926A-2A6889BB4C50}.Release|Any CPU.ActiveCfg = Release|Any CPU
		{7ACF8082-7E01-454A-926A-2A6889BB4C50}.Release|Any CPU.Build.0 = Release|Any CPU
		{7ACF8082-7E01-454A-926A-2A6889BB4C50}.Release|Any CPU.Deploy.0 = Release|Any CPU
		{7ACF8082-7E01-454A-926A-2A6889BB4C50}.Release|iPhone.ActiveCfg = Release|Any CPU
		{7ACF8082-7E01-454A-926A-2A6889BB4C50}.Release|iPhone.Build.0 = Release|Any CPU
		{7ACF8082-7E01-454A-926A-2A6889BB4C50}.Release|iPhone.Deploy.0 = Release|Any CPU
		{7ACF8082-7E01-454A-926A-2A6889BB4C50}.Release|iPhoneSimulator.ActiveCfg = Release|Any CPU
		{7ACF8082-7E01-454A-926A-2A6889BB4C50}.Release|iPhoneSimulator.Build.0 = Release|Any CPU
		{7ACF8082-7E01-454A-926A-2A6889BB4C50}.Release|iPhoneSimulator.Deploy.0 = Release|Any CPU
		{DBCD312C-951C-4AA3-93E8-D9B44FFADA45}.Debug|Any CPU.ActiveCfg = Debug|iPhoneSimulator
		{DBCD312C-951C-4AA3-93E8-D9B44FFADA45}.Debug|Any CPU.Build.0 = Debug|iPhoneSimulator
		{DBCD312C-951C-4AA3-93E8-D9B44FFADA45}.Debug|Any CPU.Deploy.0 = Debug|iPhoneSimulator
		{DBCD312C-951C-4AA3-93E8-D9B44FFADA45}.Debug|iPhone.ActiveCfg = Debug|iPhone
		{DBCD312C-951C-4AA3-93E8-D9B44FFADA45}.Debug|iPhone.Build.0 = Debug|iPhone
		{DBCD312C-951C-4AA3-93E8-D9B44FFADA45}.Debug|iPhone.Deploy.0 = Debug|iPhone
		{DBCD312C-951C-4AA3-93E8-D9B44FFADA45}.Debug|iPhoneSimulator.ActiveCfg = Debug|iPhoneSimulator
		{DBCD312C-951C-4AA3-93E8-D9B44FFADA45}.Debug|iPhoneSimulator.Build.0 = Debug|iPhoneSimulator
		{DBCD312C-951C-4AA3-93E8-D9B44FFADA45}.Debug|iPhoneSimulator.Deploy.0 = Debug|iPhoneSimulator
		{DBCD312C-951C-4AA3-93E8-D9B44FFADA45}.Release|Any CPU.ActiveCfg = Release|iPhone
		{DBCD312C-951C-4AA3-93E8-D9B44FFADA45}.Release|Any CPU.Build.0 = Release|iPhone
		{DBCD312C-951C-4AA3-93E8-D9B44FFADA45}.Release|Any CPU.Deploy.0 = Release|iPhone
		{DBCD312C-951C-4AA3-93E8-D9B44FFADA45}.Release|iPhone.ActiveCfg = Release|iPhone
		{DBCD312C-951C-4AA3-93E8-D9B44FFADA45}.Release|iPhone.Build.0 = Release|iPhone
		{DBCD312C-951C-4AA3-93E8-D9B44FFADA45}.Release|iPhone.Deploy.0 = Release|iPhone
		{DBCD312C-951C-4AA3-93E8-D9B44FFADA45}.Release|iPhoneSimulator.ActiveCfg = Release|iPhoneSimulator
		{DBCD312C-951C-4AA3-93E8-D9B44FFADA45}.Release|iPhoneSimulator.Build.0 = Release|iPhoneSimulator
		{DBCD312C-951C-4AA3-93E8-D9B44FFADA45}.Release|iPhoneSimulator.Deploy.0 = Release|iPhoneSimulator
		{F4D41D6F-3839-4E89-9CC2-042F8C386009}.Debug|Any CPU.ActiveCfg = Debug|Any CPU
		{F4D41D6F-3839-4E89-9CC2-042F8C386009}.Debug|Any CPU.Build.0 = Debug|Any CPU
		{F4D41D6F-3839-4E89-9CC2-042F8C386009}.Debug|Any CPU.Deploy.0 = Debug|Any CPU
		{F4D41D6F-3839-4E89-9CC2-042F8C386009}.Debug|iPhone.ActiveCfg = Debug|Any CPU
		{F4D41D6F-3839-4E89-9CC2-042F8C386009}.Debug|iPhone.Build.0 = Debug|Any CPU
		{F4D41D6F-3839-4E89-9CC2-042F8C386009}.Debug|iPhone.Deploy.0 = Debug|Any CPU
		{F4D41D6F-3839-4E89-9CC2-042F8C386009}.Debug|iPhoneSimulator.ActiveCfg = Debug|Any CPU
		{F4D41D6F-3839-4E89-9CC2-042F8C386009}.Debug|iPhoneSimulator.Build.0 = Debug|Any CPU
		{F4D41D6F-3839-4E89-9CC2-042F8C386009}.Debug|iPhoneSimulator.Deploy.0 = Debug|Any CPU
		{F4D41D6F-3839-4E89-9CC2-042F8C386009}.Release|Any CPU.ActiveCfg = Release|Any CPU
		{F4D41D6F-3839-4E89-9CC2-042F8C386009}.Release|Any CPU.Build.0 = Release|Any CPU
		{F4D41D6F-3839-4E89-9CC2-042F8C386009}.Release|Any CPU.Deploy.0 = Release|Any CPU
		{F4D41D6F-3839-4E89-9CC2-042F8C386009}.Release|iPhone.ActiveCfg = Release|Any CPU
		{F4D41D6F-3839-4E89-9CC2-042F8C386009}.Release|iPhone.Build.0 = Release|Any CPU
		{F4D41D6F-3839-4E89-9CC2-042F8C386009}.Release|iPhone.Deploy.0 = Release|Any CPU
		{F4D41D6F-3839-4E89-9CC2-042F8C386009}.Release|iPhoneSimulator.ActiveCfg = Release|Any CPU
		{F4D41D6F-3839-4E89-9CC2-042F8C386009}.Release|iPhoneSimulator.Build.0 = Release|Any CPU
		{F4D41D6F-3839-4E89-9CC2-042F8C386009}.Release|iPhoneSimulator.Deploy.0 = Release|Any CPU
	EndGlobalSection
	GlobalSection(SolutionProperties) = preSolution
		HideSolutionNode = FALSE
	EndGlobalSection
	GlobalSection(ExtensibilityGlobals) = postSolution
		SolutionGuid = {B8DB3BB9-736A-48B5-9E47-7152E794EC13}
	EndGlobalSection
EndGlobal
